
Microsoft Visual Studio Solution File, Format Version 12.00
# Visual Studio Version 17
VisualStudioVersion = 17.6.33723.286
MinimumVisualStudioVersion = 10.0.40219.1
Project("{FAE04EC0-301F-11D3-BF4B-00C04F79EFBC}") = "TrustGuard", "TrustGuard.csproj", "{34049D26-C596-4036-AA33-ADD9E3FBF0AB}"
EndProject
Global
	GlobalSection(SolutionConfigurationPlatforms) = preSolution
		Debug|Any CPU = Debug|Any CPU
		Release|Any CPU = Release|Any CPU
	EndGlobalSection
	GlobalSection(ProjectConfigurationPlatforms) = postSolution
		{34049D26-C596-4036-AA33-ADD9E3FBF0AB}.Debug|Any CPU.ActiveCfg = Debug|Any CPU
		{34049D26-C596-4036-AA33-ADD9E3FBF0AB}.Debug|Any CPU.Build.0 = Debug|Any CPU
		{34049D26-C596-4036-AA33-ADD9E3FBF0AB}.Release|Any CPU.ActiveCfg = Release|Any CPU
		{34049D26-C596-4036-AA33-ADD9E3FBF0AB}.Release|Any CPU.Build.0 = Release|Any CPU
	EndGlobalSection
	GlobalSection(SolutionProperties) = preSolution
		HideSolutionNode = FALSE
	EndGlobalSection
	GlobalSection(ExtensibilityGlobals) = postSolution
		SolutionGuid = {F003C3AC-61CA-4FAE-941E-9EC85B4869F8}
	EndGlobalSection
EndGlobal
